{
  "nodes": {
    "nixpkgs": {
      "locked": {
        "lastModified": 1621176951,
        "narHash": "sha256-QGritHQEpu0sClYlB7xl/ETsWzQAh5EJS5p/DOCC28I=",
        "owner": "sbruder",
        "repo": "nixpkgs",
        "rev": "9b3a2e66b141733fe7cb5372f64d30b66445cccd",
        "type": "github"
      },
      "original": {
        "owner": "sbruder",
        "ref": "vapoursynth-improve-dependency-resolution",
        "repo": "nixpkgs",
        "type": "github"
      }
    },
    "root": {
      "inputs": {
        "nixpkgs": "nixpkgs"
      }
    }
  },
  "root": "root",
  "version": 7
}
